# PicoPen development dependency pins
# Update intentionally and rebuild from a clean build directory.

PICO_SDK_REPOSITORY=https://github.com/raspberrypi/pico-sdk.git
PICO_SDK_VERSION=2.2.0
PICOTOOL_REPOSITORY=https://github.com/raspberrypi/picotool.git
PICOTOOL_VERSION=2.2.0-a4
PICOTOOL_WINDOWS_ARCHIVE=picotool-2.2.0-a4-x64-win.zip
PICO_SDK_TOOLS_WINDOWS_ARCHIVE=pico-sdk-tools-2.2.0-x64-win.zip
PICO_BOARD=pico2_w
FATFS_VERSION=R0.15
FATFS_SOURCE_REPOSITORY=https://github.com/oyama/pico-vfs.git
FATFS_SOURCE_COMMIT=4b71f274acae7de9a3696d3345992294fa9e034e
KALAM_FONT_REPOSITORY=https://github.com/google/fonts.git
KALAM_FONT_COMMIT=2d85e20401920891efb7cd6272d6339685df2820
KALAM_FONT_PATH=ofl/kalam/Kalam-Regular.ttf
KALAM_FONT_SHA256=57cecb63d4608019371954274ae1d8c397764debd5b19d4a33c1efa4dc923c0b
